// !$*UTF8*$!
{
	archiveVersion = 1;
	classes = {
	};
	objectVersion = 56;
	objects = {

/* Begin PBXBuildFile section */
		0024D7752C10795E002D8402 /* LoadingState.swift in Sources */ = {isa = PBXBuildFile; fileRef = 0024D7742C10795E002D8402 /* LoadingState.swift */; };
		005FFE3C2C0C2B1C00D28AD8 /* CheckFileExist.swift in Sources */ = {isa = PBXBuildFile; fileRef = 005FFE3B2C0C2B1C00D28AD8 /* CheckFileExist.swift */; };
		006FCE5C2C0CB1370081546E /* VideoUtils.swift in Sources */ = {isa = PBXBuildFile; fileRef = 006FCE5B2C0CB1370081546E /* VideoUtils.swift */; };
		006FCE5E2C0CB1560081546E /* ImageViewer.swift .swift in Sources */ = {isa = PBXBuildFile; fileRef = 006FCE5D2C0CB1560081546E /* ImageViewer.swift .swift */; };
		006FCE602C0CB1650081546E /* VideoToMusicPage.swift .swift in Sources */ = {isa = PBXBuildFile; fileRef = 006FCE5F2C0CB1650081546E /* VideoToMusicPage.swift .swift */; };
		006FCE622C0F34ED0081546E /* CVPixelBuffer.swift in Sources */ = {isa = PBXBuildFile; fileRef = 006FCE612C0F34ED0081546E /* CVPixelBuffer.swift */; };
		00874DD22C0C6D5C00F10B69 /* RemoveExistingFile.swift in Sources */ = {isa = PBXBuildFile; fileRef = 00874DD12C0C6D5C00F10B69 /* RemoveExistingFile.swift */; };
		0097DB062C061D14007D3328 /* InstrumentalToggleView.swift in Sources */ = {isa = PBXBuildFile; fileRef = 0097DB052C061D14007D3328 /* InstrumentalToggleView.swift */; };
		0097DB0C2C07267E007D3328 /* ImagePickerView.swift in Sources */ = {isa = PBXBuildFile; fileRef = 0097DB0B2C07267E007D3328 /* ImagePickerView.swift */; };
		0097DB0E2C072B64007D3328 /* GeneratedAudioView.swift in Sources */ = {isa = PBXBuildFile; fileRef = 0097DB0D2C072B64007D3328 /* GeneratedAudioView.swift */; };
		00AC98932C027FA600C3F325 /* HomePage.swift in Sources */ = {isa = PBXBuildFile; fileRef = 00AC98922C027FA600C3F325 /* HomePage.swift */; };
		00AC98972C0284C600C3F325 /* DetectResultVisualization.swift in Sources */ = {isa = PBXBuildFile; fileRef = 00AC98962C0284C600C3F325 /* DetectResultVisualization.swift */; };
		00AC989A2C028E4000C3F325 /* MusicalNotes.swift in Sources */ = {isa = PBXBuildFile; fileRef = 00AC98992C028E4000C3F325 /* MusicalNotes.swift */; };
		00AC989F2C02F1C200C3F325 /* SunoGenerateAPI.swift in Sources */ = {isa = PBXBuildFile; fileRef = 00AC989E2C02F1C200C3F325 /* SunoGenerateAPI.swift */; };
		00AC98A12C02F1F000C3F325 /* TextToMusicPage.swift in Sources */ = {isa = PBXBuildFile; fileRef = 00AC98A02C02F1F000C3F325 /* TextToMusicPage.swift */; };
		00AC98A52C03309100C3F325 /* AudioPlayerView.swift in Sources */ = {isa = PBXBuildFile; fileRef = 00AC98A42C03309100C3F325 /* AudioPlayerView.swift */; };
		00AC98A82C036A8400C3F325 /* Constants.swift in Sources */ = {isa = PBXBuildFile; fileRef = 00AC98A72C036A8400C3F325 /* Constants.swift */; };
		00AC98AB2C036C4800C3F325 /* SunoResponse.swift in Sources */ = {isa = PBXBuildFile; fileRef = 00AC98AA2C036C4800C3F325 /* SunoResponse.swift */; };
		00AC98AD2C03759400C3F325 /* GenerateMode.swift in Sources */ = {isa = PBXBuildFile; fileRef = 00AC98AC2C03759400C3F325 /* GenerateMode.swift */; };
		00AC98B02C0485D400C3F325 /* AudioPlayerManager.swift in Sources */ = {isa = PBXBuildFile; fileRef = 00AC98AF2C0485D400C3F325 /* AudioPlayerManager.swift */; };
		00AC98B22C04BFAB00C3F325 /* ImageToText.swift in Sources */ = {isa = PBXBuildFile; fileRef = 00AC98B12C04BFAB00C3F325 /* ImageToText.swift */; };
		00AC98B42C04C0C500C3F325 /* ImageToMusicPage.swift in Sources */ = {isa = PBXBuildFile; fileRef = 00AC98B32C04C0C500C3F325 /* ImageToMusicPage.swift */; };
		00AC98B72C05F3D900C3F325 /* ImagePicker.swift in Sources */ = {isa = PBXBuildFile; fileRef = 00AC98B62C05F3D900C3F325 /* ImagePicker.swift */; };
		00AC98BA2C060D5900C3F325 /* BorderedButtonStyle.swift in Sources */ = {isa = PBXBuildFile; fileRef = 00AC98B92C060D5900C3F325 /* BorderedButtonStyle.swift */; };
		00AC98BC2C06193400C3F325 /* SolidButtonStyle.swift in Sources */ = {isa = PBXBuildFile; fileRef = 00AC98BB2C06193400C3F325 /* SolidButtonStyle.swift */; };
		00D32CC02C0744D900EE7EDA /* DownloadAndSaveFile.swift in Sources */ = {isa = PBXBuildFile; fileRef = 00D32CBF2C0744D900EE7EDA /* DownloadAndSaveFile.swift */; };
		00D32CC22C075AE300EE7EDA /* HistoryAudiosPage.swift in Sources */ = {isa = PBXBuildFile; fileRef = 00D32CC12C075AE300EE7EDA /* HistoryAudiosPage.swift */; };
		00D32CC52C07631800EE7EDA /* FileTypes.swift in Sources */ = {isa = PBXBuildFile; fileRef = 00D32CC42C07631800EE7EDA /* FileTypes.swift */; };
		00D32CC72C07663500EE7EDA /* Paths.swift in Sources */ = {isa = PBXBuildFile; fileRef = 00D32CC62C07663500EE7EDA /* Paths.swift */; };
		00D32CC92C09F1BE00EE7EDA /* AudioToText.swift in Sources */ = {isa = PBXBuildFile; fileRef = 00D32CC82C09F1BE00EE7EDA /* AudioToText.swift */; };
		00D32CCB2C09FB4600EE7EDA /* AudioToTextView.swift in Sources */ = {isa = PBXBuildFile; fileRef = 00D32CCA2C09FB4600EE7EDA /* AudioToTextView.swift */; };
		00E45A942C0A256800F8599A /* TitleBar.swift in Sources */ = {isa = PBXBuildFile; fileRef = 00E45A932C0A256800F8599A /* TitleBar.swift */; };
		00E45A962C0AF9BA00F8599A /* WireDectionPage.swift in Sources */ = {isa = PBXBuildFile; fileRef = 00E45A952C0AF9BA00F8599A /* WireDectionPage.swift */; };
		00E45A9A2C0AFEA300F8599A /* VideoPicker.swift in Sources */ = {isa = PBXBuildFile; fileRef = 00E45A992C0AFEA300F8599A /* VideoPicker.swift */; };
		00E45A9C2C0B1DF300F8599A /* UIImages.swift in Sources */ = {isa = PBXBuildFile; fileRef = 00E45A9B2C0B1DF300F8599A /* UIImages.swift */; };
		00E45AA02C0B21B700F8599A /* VideoWireDetectController.swift in Sources */ = {isa = PBXBuildFile; fileRef = 00E45A9F2C0B21B700F8599A /* VideoWireDetectController.swift */; };
		4B39414E2BF9FC4000A5B694 /* Wire_Note_iOSApp.swift in Sources */ = {isa = PBXBuildFile; fileRef = 4B39414D2BF9FC4000A5B694 /* Wire_Note_iOSApp.swift */; };
		4B3941502BF9FC4000A5B694 /* ContentView.swift in Sources */ = {isa = PBXBuildFile; fileRef = 4B39414F2BF9FC4000A5B694 /* ContentView.swift */; };
		4B3941522BF9FC4100A5B694 /* Assets.xcassets in Resources */ = {isa = PBXBuildFile; fileRef = 4B3941512BF9FC4100A5B694 /* Assets.xcassets */; };
		4B3941552BF9FC4100A5B694 /* Preview Assets.xcassets in Resources */ = {isa = PBXBuildFile; fileRef = 4B3941542BF9FC4100A5B694 /* Preview Assets.xcassets */; };
		4B3941572BF9FC4100A5B694 /* Persistence.swift in Sources */ = {isa = PBXBuildFile; fileRef = 4B3941562BF9FC4100A5B694 /* Persistence.swift */; };
		4B39415A2BF9FC4100A5B694 /* Wire_Note_iOS.xcdatamodeld in Sources */ = {isa = PBXBuildFile; fileRef = 4B3941582BF9FC4100A5B694 /* Wire_Note_iOS.xcdatamodeld */; };
		4B3941622BF9FECB00A5B694 /* wire_model.mlpackage in Sources */ = {isa = PBXBuildFile; fileRef = 4B3941612BF9FECB00A5B694 /* wire_model.mlpackage */; };
		4B3941652BF9FEF200A5B694 /* VideoController.swift in Sources */ = {isa = PBXBuildFile; fileRef = 4B3941642BF9FEF200A5B694 /* VideoController.swift */; };
		4B3941682BF9FEFD00A5B694 /* VideoCapture.swift in Sources */ = {isa = PBXBuildFile; fileRef = 4B3941662BF9FEFD00A5B694 /* VideoCapture.swift */; };
		4B3941692BF9FEFD00A5B694 /* AVCaptureVideoOrientation+Extension.swift in Sources */ = {isa = PBXBuildFile; fileRef = 4B3941672BF9FEFD00A5B694 /* AVCaptureVideoOrientation+Extension.swift */; };
		4B39416C2BF9FF9E00A5B694 /* CameraView.swift in Sources */ = {isa = PBXBuildFile; fileRef = 4B39416B2BF9FF9E00A5B694 /* CameraView.swift */; };
		4B3941702BF9FFFF00A5B694 /* Views.swift in Sources */ = {isa = PBXBuildFile; fileRef = 4B39416E2BF9FFFF00A5B694 /* Views.swift */; };
		4B3941712BF9FFFF00A5B694 /* Buttons.swift in Sources */ = {isa = PBXBuildFile; fileRef = 4B39416F2BF9FFFF00A5B694 /* Buttons.swift */; };
		4B3941732BFA007D00A5B694 /* CameraControlsView.swift in Sources */ = {isa = PBXBuildFile; fileRef = 4B3941722BFA007D00A5B694 /* CameraControlsView.swift */; };
		4B3941762BFA057200A5B694 /* WireDetector.swift in Sources */ = {isa = PBXBuildFile; fileRef = 4B3941752BFA057200A5B694 /* WireDetector.swift */; };
		4B3941792BFA100F00A5B694 /* Images.swift in Sources */ = {isa = PBXBuildFile; fileRef = 4B3941782BFA100F00A5B694 /* Images.swift */; };
/* End PBXBuildFile section */

/* Begin PBXFileReference section */
		0024D7742C10795E002D8402 /* LoadingState.swift */ = {isa = PBXFileReference; lastKnownFileType = sourcecode.swift; path = LoadingState.swift; sourceTree = "<group>"; };
		005FFE3B2C0C2B1C00D28AD8 /* CheckFileExist.swift */ = {isa = PBXFileReference; lastKnownFileType = sourcecode.swift; path = CheckFileExist.swift; sourceTree = "<group>"; };
		006FCE5B2C0CB1370081546E /* VideoUtils.swift */ = {isa = PBXFileReference; lastKnownFileType = sourcecode.swift; path = VideoUtils.swift; sourceTree = "<group>"; };
		006FCE5D2C0CB1560081546E /* ImageViewer.swift .swift */ = {isa = PBXFileReference; lastKnownFileType = sourcecode.swift; path = "ImageViewer.swift .swift"; sourceTree = "<group>"; };
		006FCE5F2C0CB1650081546E /* VideoToMusicPage.swift .swift */ = {isa = PBXFileReference; lastKnownFileType = sourcecode.swift; path = "VideoToMusicPage.swift .swift"; sourceTree = "<group>"; };
		006FCE612C0F34ED0081546E /* CVPixelBuffer.swift */ = {isa = PBXFileReference; lastKnownFileType = sourcecode.swift; path = CVPixelBuffer.swift; sourceTree = "<group>"; };
		00874DD12C0C6D5C00F10B69 /* RemoveExistingFile.swift */ = {isa = PBXFileReference; lastKnownFileType = sourcecode.swift; path = RemoveExistingFile.swift; sourceTree = "<group>"; };
		0097DB052C061D14007D3328 /* InstrumentalToggleView.swift */ = {isa = PBXFileReference; lastKnownFileType = sourcecode.swift; path = InstrumentalToggleView.swift; sourceTree = "<group>"; };
		0097DB0B2C07267E007D3328 /* ImagePickerView.swift */ = {isa = PBXFileReference; lastKnownFileType = sourcecode.swift; path = ImagePickerView.swift; sourceTree = "<group>"; };
		0097DB0D2C072B64007D3328 /* GeneratedAudioView.swift */ = {isa = PBXFileReference; lastKnownFileType = sourcecode.swift; path = GeneratedAudioView.swift; sourceTree = "<group>"; };
		00AC98922C027FA600C3F325 /* HomePage.swift */ = {isa = PBXFileReference; lastKnownFileType = sourcecode.swift; path = HomePage.swift; sourceTree = "<group>"; };
		00AC98962C0284C600C3F325 /* DetectResultVisualization.swift */ = {isa = PBXFileReference; lastKnownFileType = sourcecode.swift; path = DetectResultVisualization.swift; sourceTree = "<group>"; };
		00AC98992C028E4000C3F325 /* MusicalNotes.swift */ = {isa = PBXFileReference; lastKnownFileType = sourcecode.swift; path = MusicalNotes.swift; sourceTree = "<group>"; };
		00AC989E2C02F1C200C3F325 /* SunoGenerateAPI.swift */ = {isa = PBXFileReference; lastKnownFileType = sourcecode.swift; path = SunoGenerateAPI.swift; sourceTree = "<group>"; };
		00AC98A02C02F1F000C3F325 /* TextToMusicPage.swift */ = {isa = PBXFileReference; lastKnownFileType = sourcecode.swift; path = TextToMusicPage.swift; sourceTree = "<group>"; };
		00AC98A42C03309100C3F325 /* AudioPlayerView.swift */ = {isa = PBXFileReference; lastKnownFileType = sourcecode.swift; path = AudioPlayerView.swift; sourceTree = "<group>"; };
		00AC98A72C036A8400C3F325 /* Constants.swift */ = {isa = PBXFileReference; lastKnownFileType = sourcecode.swift; path = Constants.swift; sourceTree = "<group>"; };
		00AC98AA2C036C4800C3F325 /* SunoResponse.swift */ = {isa = PBXFileReference; lastKnownFileType = sourcecode.swift; path = SunoResponse.swift; sourceTree = "<group>"; };
		00AC98AC2C03759400C3F325 /* GenerateMode.swift */ = {isa = PBXFileReference; lastKnownFileType = sourcecode.swift; path = GenerateMode.swift; sourceTree = "<group>"; };
		00AC98AF2C0485D400C3F325 /* AudioPlayerManager.swift */ = {isa = PBXFileReference; lastKnownFileType = sourcecode.swift; path = AudioPlayerManager.swift; sourceTree = "<group>"; };
		00AC98B12C04BFAB00C3F325 /* ImageToText.swift */ = {isa = PBXFileReference; lastKnownFileType = sourcecode.swift; path = ImageToText.swift; sourceTree = "<group>"; };
		00AC98B32C04C0C500C3F325 /* ImageToMusicPage.swift */ = {isa = PBXFileReference; lastKnownFileType = sourcecode.swift; path = ImageToMusicPage.swift; sourceTree = "<group>"; };
		00AC98B62C05F3D900C3F325 /* ImagePicker.swift */ = {isa = PBXFileReference; lastKnownFileType = sourcecode.swift; path = ImagePicker.swift; sourceTree = "<group>"; };
		00AC98B92C060D5900C3F325 /* BorderedButtonStyle.swift */ = {isa = PBXFileReference; lastKnownFileType = sourcecode.swift; path = BorderedButtonStyle.swift; sourceTree = "<group>"; };
		00AC98BB2C06193400C3F325 /* SolidButtonStyle.swift */ = {isa = PBXFileReference; lastKnownFileType = sourcecode.swift; path = SolidButtonStyle.swift; sourceTree = "<group>"; };
		00D32CBF2C0744D900EE7EDA /* DownloadAndSaveFile.swift */ = {isa = PBXFileReference; lastKnownFileType = sourcecode.swift; path = DownloadAndSaveFile.swift; sourceTree = "<group>"; };
		00D32CC12C075AE300EE7EDA /* HistoryAudiosPage.swift */ = {isa = PBXFileReference; lastKnownFileType = sourcecode.swift; path = HistoryAudiosPage.swift; sourceTree = "<group>"; };
		00D32CC42C07631800EE7EDA /* FileTypes.swift */ = {isa = PBXFileReference; lastKnownFileType = sourcecode.swift; path = FileTypes.swift; sourceTree = "<group>"; };
		00D32CC62C07663500EE7EDA /* Paths.swift */ = {isa = PBXFileReference; lastKnownFileType = sourcecode.swift; path = Paths.swift; sourceTree = "<group>"; };
		00D32CC82C09F1BE00EE7EDA /* AudioToText.swift */ = {isa = PBXFileReference; lastKnownFileType = sourcecode.swift; path = AudioToText.swift; sourceTree = "<group>"; };
		00D32CCA2C09FB4600EE7EDA /* AudioToTextView.swift */ = {isa = PBXFileReference; lastKnownFileType = sourcecode.swift; path = AudioToTextView.swift; sourceTree = "<group>"; };
		00E45A932C0A256800F8599A /* TitleBar.swift */ = {isa = PBXFileReference; lastKnownFileType = sourcecode.swift; path = TitleBar.swift; sourceTree = "<group>"; };
		00E45A952C0AF9BA00F8599A /* WireDectionPage.swift */ = {isa = PBXFileReference; lastKnownFileType = sourcecode.swift; path = WireDectionPage.swift; sourceTree = "<group>"; };
		00E45A992C0AFEA300F8599A /* VideoPicker.swift */ = {isa = PBXFileReference; lastKnownFileType = sourcecode.swift; path = VideoPicker.swift; sourceTree = "<group>"; };
		00E45A9B2C0B1DF300F8599A /* UIImages.swift */ = {isa = PBXFileReference; lastKnownFileType = sourcecode.swift; path = UIImages.swift; sourceTree = "<group>"; };
		00E45A9F2C0B21B700F8599A /* VideoWireDetectController.swift */ = {isa = PBXFileReference; lastKnownFileType = sourcecode.swift; path = VideoWireDetectController.swift; sourceTree = "<group>"; };
		4B39414A2BF9FC4000A5B694 /* Wire_Note_iOS.app */ = {isa = PBXFileReference; explicitFileType = wrapper.application; includeInIndex = 0; path = Wire_Note_iOS.app; sourceTree = BUILT_PRODUCTS_DIR; };
		4B39414D2BF9FC4000A5B694 /* Wire_Note_iOSApp.swift */ = {isa = PBXFileReference; lastKnownFileType = sourcecode.swift; path = Wire_Note_iOSApp.swift; sourceTree = "<group>"; };
		4B39414F2BF9FC4000A5B694 /* ContentView.swift */ = {isa = PBXFileReference; lastKnownFileType = sourcecode.swift; path = ContentView.swift; sourceTree = "<group>"; };
		4B3941512BF9FC4100A5B694 /* Assets.xcassets */ = {isa = PBXFileReference; lastKnownFileType = folder.assetcatalog; path = Assets.xcassets; sourceTree = "<group>"; };
		4B3941542BF9FC4100A5B694 /* Preview Assets.xcassets */ = {isa = PBXFileReference; lastKnownFileType = folder.assetcatalog; path = "Preview Assets.xcassets"; sourceTree = "<group>"; };
		4B3941562BF9FC4100A5B694 /* Persistence.swift */ = {isa = PBXFileReference; lastKnownFileType = sourcecode.swift; path = Persistence.swift; sourceTree = "<group>"; };
		4B3941592BF9FC4100A5B694 /* Wire_Note_iOS.xcdatamodel */ = {isa = PBXFileReference; lastKnownFileType = wrapper.xcdatamodel; path = Wire_Note_iOS.xcdatamodel; sourceTree = "<group>"; };
		4B3941612BF9FECB00A5B694 /* wire_model.mlpackage */ = {isa = PBXFileReference; lastKnownFileType = folder.mlpackage; path = wire_model.mlpackage; sourceTree = "<group>"; };
		4B3941642BF9FEF200A5B694 /* VideoController.swift */ = {isa = PBXFileReference; fileEncoding = 4; lastKnownFileType = sourcecode.swift; path = VideoController.swift; sourceTree = "<group>"; };
		4B3941662BF9FEFD00A5B694 /* VideoCapture.swift */ = {isa = PBXFileReference; fileEncoding = 4; lastKnownFileType = sourcecode.swift; path = VideoCapture.swift; sourceTree = "<group>"; };
		4B3941672BF9FEFD00A5B694 /* AVCaptureVideoOrientation+Extension.swift */ = {isa = PBXFileReference; fileEncoding = 4; lastKnownFileType = sourcecode.swift; path = "AVCaptureVideoOrientation+Extension.swift"; sourceTree = "<group>"; };
		4B39416B2BF9FF9E00A5B694 /* CameraView.swift */ = {isa = PBXFileReference; lastKnownFileType = sourcecode.swift; path = CameraView.swift; sourceTree = "<group>"; };
		4B39416E2BF9FFFF00A5B694 /* Views.swift */ = {isa = PBXFileReference; fileEncoding = 4; lastKnownFileType = sourcecode.swift; path = Views.swift; sourceTree = "<group>"; };
		4B39416F2BF9FFFF00A5B694 /* Buttons.swift */ = {isa = PBXFileReference; fileEncoding = 4; lastKnownFileType = sourcecode.swift; path = Buttons.swift; sourceTree = "<group>"; };
		4B3941722BFA007D00A5B694 /* CameraControlsView.swift */ = {isa = PBXFileReference; lastKnownFileType = sourcecode.swift; path = CameraControlsView.swift; sourceTree = "<group>"; };
		4B3941752BFA057200A5B694 /* WireDetector.swift */ = {isa = PBXFileReference; lastKnownFileType = sourcecode.swift; path = WireDetector.swift; sourceTree = "<group>"; };
		4B3941782BFA100F00A5B694 /* Images.swift */ = {isa = PBXFileReference; lastKnownFileType = sourcecode.swift; path = Images.swift; sourceTree = "<group>"; };
/* End PBXFileReference section */

/* Begin PBXFrameworksBuildPhase section */
		4B3941472BF9FC4000A5B694 /* Frameworks */ = {
			isa = PBXFrameworksBuildPhase;
			buildActionMask = 2147483647;
			files = (
			);
			runOnlyForDeploymentPostprocessing = 0;
		};
/* End PBXFrameworksBuildPhase section */

/* Begin PBXGroup section */
		0097DB032C061CC7007D3328 /* Camera */ = {
			isa = PBXGroup;
			children = (
				4B39416B2BF9FF9E00A5B694 /* CameraView.swift */,
				4B3941722BFA007D00A5B694 /* CameraControlsView.swift */,
			);
			path = Camera;
			sourceTree = "<group>";
		};
		0097DB092C0622CA007D3328 /* GenerateMusic */ = {
			isa = PBXGroup;
			children = (
				00D32CCA2C09FB4600EE7EDA /* AudioToTextView.swift */,
				0097DB052C061D14007D3328 /* InstrumentalToggleView.swift */,
				0097DB0D2C072B64007D3328 /* GeneratedAudioView.swift */,
			);
			path = GenerateMusic;
			sourceTree = "<group>";
		};
		0097DB0A2C072663007D3328 /* Components */ = {
			isa = PBXGroup;
			children = (
				0097DB032C061CC7007D3328 /* Camera */,
				0097DB092C0622CA007D3328 /* GenerateMusic */,
				00AC98A42C03309100C3F325 /* AudioPlayerView.swift */,
				0097DB0B2C07267E007D3328 /* ImagePickerView.swift */,
				00E45A932C0A256800F8599A /* TitleBar.swift */,
				006FCE5D2C0CB1560081546E /* ImageViewer.swift .swift */,
			);
			path = Components;
			sourceTree = "<group>";
		};
		00AC98942C02836A00C3F325 /* Utils */ = {
			isa = PBXGroup;
			children = (
				005FFE3B2C0C2B1C00D28AD8 /* CheckFileExist.swift */,
				00874DD12C0C6D5C00F10B69 /* RemoveExistingFile.swift */,
				00D32CC42C07631800EE7EDA /* FileTypes.swift */,
				00AC98992C028E4000C3F325 /* MusicalNotes.swift */,
				00D32CC62C07663500EE7EDA /* Paths.swift */,
				00D32CBE2C07420D00EE7EDA /* ML */,
				006FCE5B2C0CB1370081546E /* VideoUtils.swift */,
				0024D7742C10795E002D8402 /* LoadingState.swift */,
			);
			path = Utils;
			sourceTree = "<group>";
		};
		00AC989D2C02F1AB00C3F325 /* SunoAPI */ = {
			isa = PBXGroup;
			children = (
				00AC98A92C036C3300C3F325 /* Utils */,
				00AC989E2C02F1C200C3F325 /* SunoGenerateAPI.swift */,
			);
			path = SunoAPI;
			sourceTree = "<group>";
		};
		00AC98A62C036A7600C3F325 /* Config */ = {
			isa = PBXGroup;
			children = (
				00AC98A72C036A8400C3F325 /* Constants.swift */,
			);
			path = Config;
			sourceTree = "<group>";
		};
		00AC98A92C036C3300C3F325 /* Utils */ = {
			isa = PBXGroup;
			children = (
				00AC98AA2C036C4800C3F325 /* SunoResponse.swift */,
				00AC98AC2C03759400C3F325 /* GenerateMode.swift */,
			);
			path = Utils;
			sourceTree = "<group>";
		};
		00AC98AE2C0485C400C3F325 /* Managers */ = {
			isa = PBXGroup;
			children = (
				4B3941742BFA056300A5B694 /* ML */,
				00AC98AF2C0485D400C3F325 /* AudioPlayerManager.swift */,
				00D32CBF2C0744D900EE7EDA /* DownloadAndSaveFile.swift */,
			);
			path = Managers;
			sourceTree = "<group>";
		};
		00AC98B82C060D4C00C3F325 /* Styles */ = {
			isa = PBXGroup;
			children = (
				00AC98B92C060D5900C3F325 /* BorderedButtonStyle.swift */,
				00AC98BB2C06193400C3F325 /* SolidButtonStyle.swift */,
			);
			path = Styles;
			sourceTree = "<group>";
		};
		00D32CBE2C07420D00EE7EDA /* ML */ = {
			isa = PBXGroup;
			children = (
				00AC98962C0284C600C3F325 /* DetectResultVisualization.swift */,
			);
			path = ML;
			sourceTree = "<group>";
		};
		00D32CC32C075AF200EE7EDA /* Pages */ = {
			isa = PBXGroup;
			children = (
				00AC98B32C04C0C500C3F325 /* ImageToMusicPage.swift */,
				00AC98A02C02F1F000C3F325 /* TextToMusicPage.swift */,
				00AC98922C027FA600C3F325 /* HomePage.swift */,
				00D32CC12C075AE300EE7EDA /* HistoryAudiosPage.swift */,
				00E45A952C0AF9BA00F8599A /* WireDectionPage.swift */,
				006FCE5F2C0CB1650081546E /* VideoToMusicPage.swift .swift */,
			);
			path = Pages;
			sourceTree = "<group>";
		};
		00E45A972C0AFAB600F8599A /* Contorllers */ = {
			isa = PBXGroup;
			children = (
				4B3941632BF9FED300A5B694 /* Camera */,
			);
			path = Contorllers;
			sourceTree = "<group>";
		};
		00E45A982C0AFE7000F8599A /* Representables */ = {
			isa = PBXGroup;
			children = (
				00AC98B62C05F3D900C3F325 /* ImagePicker.swift */,
				00E45A992C0AFEA300F8599A /* VideoPicker.swift */,
			);
			path = Representables;
			sourceTree = "<group>";
		};
		4B3941412BF9FC4000A5B694 = {
			isa = PBXGroup;
			children = (
				00AC989D2C02F1AB00C3F325 /* SunoAPI */,
				4B39414C2BF9FC4000A5B694 /* Wire_Note_iOS */,
				4B39414B2BF9FC4000A5B694 /* Products */,
			);
			sourceTree = "<group>";
		};
		4B39414B2BF9FC4000A5B694 /* Products */ = {
			isa = PBXGroup;
			children = (
				4B39414A2BF9FC4000A5B694 /* Wire_Note_iOS.app */,
			);
			name = Products;
			sourceTree = "<group>";
		};
		4B39414C2BF9FC4000A5B694 /* Wire_Note_iOS */ = {
			isa = PBXGroup;
			children = (
				00E45A972C0AFAB600F8599A /* Contorllers */,
				4B3941602BF9FE9A00A5B694 /* Models */,
				00AC98B82C060D4C00C3F325 /* Styles */,
				00AC98AE2C0485C400C3F325 /* Managers */,
				00AC98A62C036A7600C3F325 /* Config */,
				00AC98942C02836A00C3F325 /* Utils */,
				4B39416D2BF9FFE500A5B694 /* Extensions */,
				4B39416A2BF9FF8300A5B694 /* Views */,
				4B39414D2BF9FC4000A5B694 /* Wire_Note_iOSApp.swift */,
				4B39414F2BF9FC4000A5B694 /* ContentView.swift */,
				4B3941512BF9FC4100A5B694 /* Assets.xcassets */,
				4B3941562BF9FC4100A5B694 /* Persistence.swift */,
				4B3941582BF9FC4100A5B694 /* Wire_Note_iOS.xcdatamodeld */,
				4B3941532BF9FC4100A5B694 /* Preview Content */,
			);
			path = Wire_Note_iOS;
			sourceTree = "<group>";
		};
		4B3941532BF9FC4100A5B694 /* Preview Content */ = {
			isa = PBXGroup;
			children = (
				4B3941542BF9FC4100A5B694 /* Preview Assets.xcassets */,
			);
			path = "Preview Content";
			sourceTree = "<group>";
		};
		4B3941602BF9FE9A00A5B694 /* Models */ = {
			isa = PBXGroup;
			children = (
				4B3941612BF9FECB00A5B694 /* wire_model.mlpackage */,
			);
			path = Models;
			sourceTree = "<group>";
		};
		4B3941632BF9FED300A5B694 /* Camera */ = {
			isa = PBXGroup;
			children = (
				4B3941642BF9FEF200A5B694 /* VideoController.swift */,
				4B3941672BF9FEFD00A5B694 /* AVCaptureVideoOrientation+Extension.swift */,
				4B3941662BF9FEFD00A5B694 /* VideoCapture.swift */,
				00E45A9F2C0B21B700F8599A /* VideoWireDetectController.swift */,
			);
			path = Camera;
			sourceTree = "<group>";
		};
		4B39416A2BF9FF8300A5B694 /* Views */ = {
			isa = PBXGroup;
			children = (
				00E45A982C0AFE7000F8599A /* Representables */,
				00D32CC32C075AF200EE7EDA /* Pages */,
				0097DB0A2C072663007D3328 /* Components */,
			);
			path = Views;
			sourceTree = "<group>";
		};
		4B39416D2BF9FFE500A5B694 /* Extensions */ = {
			isa = PBXGroup;
			children = (
				4B39416F2BF9FFFF00A5B694 /* Buttons.swift */,
				4B39416E2BF9FFFF00A5B694 /* Views.swift */,
				4B3941782BFA100F00A5B694 /* Images.swift */,
				00E45A9B2C0B1DF300F8599A /* UIImages.swift */,
				006FCE612C0F34ED0081546E /* CVPixelBuffer.swift */,
			);
			path = Extensions;
			sourceTree = "<group>";
		};
		4B3941742BFA056300A5B694 /* ML */ = {
			isa = PBXGroup;
			children = (
				4B3941752BFA057200A5B694 /* WireDetector.swift */,
				00AC98B12C04BFAB00C3F325 /* ImageToText.swift */,
				00D32CC82C09F1BE00EE7EDA /* AudioToText.swift */,
			);
			path = ML;
			sourceTree = "<group>";
		};
/* End PBXGroup section */

/* Begin PBXNativeTarget section */
		4B3941492BF9FC4000A5B694 /* Wire_Note_iOS */ = {
			isa = PBXNativeTarget;
			buildConfigurationList = 4B39415D2BF9FC4100A5B694 /* Build configuration list for PBXNativeTarget "Wire_Note_iOS" */;
			buildPhases = (
				4B3941462BF9FC4000A5B694 /* Sources */,
				4B3941472BF9FC4000A5B694 /* Frameworks */,
				4B3941482BF9FC4000A5B694 /* Resources */,
			);
			buildRules = (
			);
			dependencies = (
			);
			name = Wire_Note_iOS;
			productName = Wire_Note_iOS;
			productReference = 4B39414A2BF9FC4000A5B694 /* Wire_Note_iOS.app */;
			productType = "com.apple.product-type.application";
		};
/* End PBXNativeTarget section */

/* Begin PBXProject section */
		4B3941422BF9FC4000A5B694 /* Project object */ = {
			isa = PBXProject;
			attributes = {
				BuildIndependentTargetsInParallel = 1;
				LastSwiftUpdateCheck = 1540;
				LastUpgradeCheck = 1540;
				TargetAttributes = {
					4B3941492BF9FC4000A5B694 = {
						CreatedOnToolsVersion = 15.4;
					};
				};
			};
			buildConfigurationList = 4B3941452BF9FC4000A5B694 /* Build configuration list for PBXProject "Wire_Note_iOS" */;
			compatibilityVersion = "Xcode 14.0";
			developmentRegion = en;
			hasScannedForEncodings = 0;
			knownRegions = (
				en,
				Base,
			);
			mainGroup = 4B3941412BF9FC4000A5B694;
			productRefGroup = 4B39414B2BF9FC4000A5B694 /* Products */;
			projectDirPath = "";
			projectRoot = "";
			targets = (
				4B3941492BF9FC4000A5B694 /* Wire_Note_iOS */,
			);
		};
/* End PBXProject section */

/* Begin PBXResourcesBuildPhase section */
		4B3941482BF9FC4000A5B694 /* Resources */ = {
			isa = PBXResourcesBuildPhase;
			buildActionMask = 2147483647;
			files = (
				4B3941552BF9FC4100A5B694 /* Preview Assets.xcassets in Resources */,
				4B3941522BF9FC4100A5B694 /* Assets.xcassets in Resources */,
			);
			runOnlyForDeploymentPostprocessing = 0;
		};
/* End PBXResourcesBuildPhase section */

/* Begin PBXSourcesBuildPhase section */
		4B3941462BF9FC4000A5B694 /* Sources */ = {
			isa = PBXSourcesBuildPhase;
			buildActionMask = 2147483647;
			files = (
				00D32CC22C075AE300EE7EDA /* HistoryAudiosPage.swift in Sources */,
				4B3941622BF9FECB00A5B694 /* wire_model.mlpackage in Sources */,
				00AC98A82C036A8400C3F325 /* Constants.swift in Sources */,
				0097DB0C2C07267E007D3328 /* ImagePickerView.swift in Sources */,
				00AC989F2C02F1C200C3F325 /* SunoGenerateAPI.swift in Sources */,
				00D32CCB2C09FB4600EE7EDA /* AudioToTextView.swift in Sources */,
				00AC98BC2C06193400C3F325 /* SolidButtonStyle.swift in Sources */,
				00AC98B72C05F3D900C3F325 /* ImagePicker.swift in Sources */,
				00AC98A12C02F1F000C3F325 /* TextToMusicPage.swift in Sources */,
				0097DB062C061D14007D3328 /* InstrumentalToggleView.swift in Sources */,
				4B3941682BF9FEFD00A5B694 /* VideoCapture.swift in Sources */,
				006FCE602C0CB1650081546E /* VideoToMusicPage.swift .swift in Sources */,
				4B3941692BF9FEFD00A5B694 /* AVCaptureVideoOrientation+Extension.swift in Sources */,
				4B3941712BF9FFFF00A5B694 /* Buttons.swift in Sources */,
				00AC98B22C04BFAB00C3F325 /* ImageToText.swift in Sources */,
				00E45A9A2C0AFEA300F8599A /* VideoPicker.swift in Sources */,
				00874DD22C0C6D5C00F10B69 /* RemoveExistingFile.swift in Sources */,
				00D32CC52C07631800EE7EDA /* FileTypes.swift in Sources */,
				006FCE5C2C0CB1370081546E /* VideoUtils.swift in Sources */,
				00D32CC02C0744D900EE7EDA /* DownloadAndSaveFile.swift in Sources */,
				00AC98972C0284C600C3F325 /* DetectResultVisualization.swift in Sources */,
				00AC98932C027FA600C3F325 /* HomePage.swift in Sources */,
				0024D7752C10795E002D8402 /* LoadingState.swift in Sources */,
				4B39416C2BF9FF9E00A5B694 /* CameraView.swift in Sources */,
				0097DB0E2C072B64007D3328 /* GeneratedAudioView.swift in Sources */,
				4B3941652BF9FEF200A5B694 /* VideoController.swift in Sources */,
				006FCE622C0F34ED0081546E /* CVPixelBuffer.swift in Sources */,
				4B3941762BFA057200A5B694 /* WireDetector.swift in Sources */,
				4B3941792BFA100F00A5B694 /* Images.swift in Sources */,
				00AC98B02C0485D400C3F325 /* AudioPlayerManager.swift in Sources */,
				4B39415A2BF9FC4100A5B694 /* Wire_Note_iOS.xcdatamodeld in Sources */,
				00AC98A52C03309100C3F325 /* AudioPlayerView.swift in Sources */,
				00E45A9C2C0B1DF300F8599A /* UIImages.swift in Sources */,
				00AC98AB2C036C4800C3F325 /* SunoResponse.swift in Sources */,
				4B3941572BF9FC4100A5B694 /* Persistence.swift in Sources */,
				00AC98BA2C060D5900C3F325 /* BorderedButtonStyle.swift in Sources */,
				00AC98AD2C03759400C3F325 /* GenerateMode.swift in Sources */,
				4B3941502BF9FC4000A5B694 /* ContentView.swift in Sources */,
				00E45A942C0A256800F8599A /* TitleBar.swift in Sources */,
				005FFE3C2C0C2B1C00D28AD8 /* CheckFileExist.swift in Sources */,
				006FCE5E2C0CB1560081546E /* ImageViewer.swift .swift in Sources */,
				00D32CC72C07663500EE7EDA /* Paths.swift in Sources */,
				4B3941702BF9FFFF00A5B694 /* Views.swift in Sources */,
				00E45AA02C0B21B700F8599A /* VideoWireDetectController.swift in Sources */,
				00E45A962C0AF9BA00F8599A /* WireDectionPage.swift in Sources */,
				00D32CC92C09F1BE00EE7EDA /* AudioToText.swift in Sources */,
				00AC989A2C028E4000C3F325 /* MusicalNotes.swift in Sources */,
				4B39414E2BF9FC4000A5B694 /* Wire_Note_iOSApp.swift in Sources */,
				4B3941732BFA007D00A5B694 /* CameraControlsView.swift in Sources */,
				00AC98B42C04C0C500C3F325 /* ImageToMusicPage.swift in Sources */,
			);
			runOnlyForDeploymentPostprocessing = 0;
		};
/* End PBXSourcesBuildPhase section */

/* Begin XCBuildConfiguration section */
		4B39415B2BF9FC4100A5B694 /* Debug */ = {
			isa = XCBuildConfiguration;
			buildSettings = {
				ALWAYS_SEARCH_USER_PATHS = NO;
				ASSETCATALOG_COMPILER_GENERATE_SWIFT_ASSET_SYMBOL_EXTENSIONS = YES;
				CLANG_ANALYZER_NONNULL = YES;
				CLANG_ANALYZER_NUMBER_OBJECT_CONVERSION = YES_AGGRESSIVE;
				CLANG_CXX_LANGUAGE_STANDARD = "gnu++20";
				CLANG_ENABLE_MODULES = YES;
				CLANG_ENABLE_OBJC_ARC = YES;
				CLANG_ENABLE_OBJC_WEAK = YES;
				CLANG_WARN_BLOCK_CAPTURE_AUTORELEASING = YES;
				CLANG_WARN_BOOL_CONVERSION = YES;
				CLANG_WARN_COMMA = YES;
				CLANG_WARN_CONSTANT_CONVERSION = YES;
				CLANG_WARN_DEPRECATED_OBJC_IMPLEMENTATIONS = YES;
				CLANG_WARN_DIRECT_OBJC_ISA_USAGE = YES_ERROR;
				CLANG_WARN_DOCUMENTATION_COMMENTS = YES;
				CLANG_WARN_EMPTY_BODY = YES;
				CLANG_WARN_ENUM_CONVERSION = YES;
				CLANG_WARN_INFINITE_RECURSION = YES;
				CLANG_WARN_INT_CONVERSION = YES;
				CLANG_WARN_NON_LITERAL_NULL_CONVERSION = YES;
				CLANG_WARN_OBJC_IMPLICIT_RETAIN_SELF = YES;
				CLANG_WARN_OBJC_LITERAL_CONVERSION = YES;
				CLANG_WARN_OBJC_ROOT_CLASS = YES_ERROR;
				CLANG_WARN_QUOTED_INCLUDE_IN_FRAMEWORK_HEADER = YES;
				CLANG_WARN_RANGE_LOOP_ANALYSIS = YES;
				CLANG_WARN_STRICT_PROTOTYPES = YES;
				CLANG_WARN_SUSPICIOUS_MOVE = YES;
				CLANG_WARN_UNGUARDED_AVAILABILITY = YES_AGGRESSIVE;
				CLANG_WARN_UNREACHABLE_CODE = YES;
				CLANG_WARN__DUPLICATE_METHOD_MATCH = YES;
				COPY_PHASE_STRIP = NO;
				DEBUG_INFORMATION_FORMAT = dwarf;
				ENABLE_STRICT_OBJC_MSGSEND = YES;
				ENABLE_TESTABILITY = YES;
				ENABLE_USER_SCRIPT_SANDBOXING = YES;
				GCC_C_LANGUAGE_STANDARD = gnu17;
				GCC_DYNAMIC_NO_PIC = NO;
				GCC_NO_COMMON_BLOCKS = YES;
				GCC_OPTIMIZATION_LEVEL = 0;
				GCC_PREPROCESSOR_DEFINITIONS = (
					"DEBUG=1",
					"$(inherited)",
				);
				GCC_WARN_64_TO_32_BIT_CONVERSION = YES;
				GCC_WARN_ABOUT_RETURN_TYPE = YES_ERROR;
				GCC_WARN_UNDECLARED_SELECTOR = YES;
				GCC_WARN_UNINITIALIZED_AUTOS = YES_AGGRESSIVE;
				GCC_WARN_UNUSED_FUNCTION = YES;
				GCC_WARN_UNUSED_VARIABLE = YES;
				IPHONEOS_DEPLOYMENT_TARGET = 17.2;
				LOCALIZATION_PREFERS_STRING_CATALOGS = YES;
				MTL_ENABLE_DEBUG_INFO = INCLUDE_SOURCE;
				MTL_FAST_MATH = YES;
				ONLY_ACTIVE_ARCH = YES;
				SDKROOT = iphoneos;
				SWIFT_ACTIVE_COMPILATION_CONDITIONS = "DEBUG $(inherited)";
				SWIFT_OPTIMIZATION_LEVEL = "-Onone";
			};
			name = Debug;
		};
		4B39415C2BF9FC4100A5B694 /* Release */ = {
			isa = XCBuildConfiguration;
			buildSettings = {
				ALWAYS_SEARCH_USER_PATHS = NO;
				ASSETCATALOG_COMPILER_GENERATE_SWIFT_ASSET_SYMBOL_EXTENSIONS = YES;
				CLANG_ANALYZER_NONNULL = YES;
				CLANG_ANALYZER_NUMBER_OBJECT_CONVERSION = YES_AGGRESSIVE;
				CLANG_CXX_LANGUAGE_STANDARD = "gnu++20";
				CLANG_ENABLE_MODULES = YES;
				CLANG_ENABLE_OBJC_ARC = YES;
				CLANG_ENABLE_OBJC_WEAK = YES;
				CLANG_WARN_BLOCK_CAPTURE_AUTORELEASING = YES;
				CLANG_WARN_BOOL_CONVERSION = YES;
				CLANG_WARN_COMMA = YES;
				CLANG_WARN_CONSTANT_CONVERSION = YES;
				CLANG_WARN_DEPRECATED_OBJC_IMPLEMENTATIONS = YES;
				CLANG_WARN_DIRECT_OBJC_ISA_USAGE = YES_ERROR;
				CLANG_WARN_DOCUMENTATION_COMMENTS = YES;
				CLANG_WARN_EMPTY_BODY = YES;
				CLANG_WARN_ENUM_CONVERSION = YES;
				CLANG_WARN_INFINITE_RECURSION = YES;
				CLANG_WARN_INT_CONVERSION = YES;
				CLANG_WARN_NON_LITERAL_NULL_CONVERSION = YES;
				CLANG_WARN_OBJC_IMPLICIT_RETAIN_SELF = YES;
				CLANG_WARN_OBJC_LITERAL_CONVERSION = YES;
				CLANG_WARN_OBJC_ROOT_CLASS = YES_ERROR;
				CLANG_WARN_QUOTED_INCLUDE_IN_FRAMEWORK_HEADER = YES;
				CLANG_WARN_RANGE_LOOP_ANALYSIS = YES;
				CLANG_WARN_STRICT_PROTOTYPES = YES;
				CLANG_WARN_SUSPICIOUS_MOVE = YES;
				CLANG_WARN_UNGUARDED_AVAILABILITY = YES_AGGRESSIVE;
				CLANG_WARN_UNREACHABLE_CODE = YES;
				CLANG_WARN__DUPLICATE_METHOD_MATCH = YES;
				COPY_PHASE_STRIP = NO;
				DEBUG_INFORMATION_FORMAT = "dwarf-with-dsym";
				ENABLE_NS_ASSERTIONS = NO;
				ENABLE_STRICT_OBJC_MSGSEND = YES;
				ENABLE_USER_SCRIPT_SANDBOXING = YES;
				GCC_C_LANGUAGE_STANDARD = gnu17;
				GCC_NO_COMMON_BLOCKS = YES;
				GCC_WARN_64_TO_32_BIT_CONVERSION = YES;
				GCC_WARN_ABOUT_RETURN_TYPE = YES_ERROR;
				GCC_WARN_UNDECLARED_SELECTOR = YES;
				GCC_WARN_UNINITIALIZED_AUTOS = YES_AGGRESSIVE;
				GCC_WARN_UNUSED_FUNCTION = YES;
				GCC_WARN_UNUSED_VARIABLE = YES;
				IPHONEOS_DEPLOYMENT_TARGET = 17.2;
				LOCALIZATION_PREFERS_STRING_CATALOGS = YES;
				MTL_ENABLE_DEBUG_INFO = NO;
				MTL_FAST_MATH = YES;
				SDKROOT = iphoneos;
				SWIFT_COMPILATION_MODE = wholemodule;
				VALIDATE_PRODUCT = YES;
			};
			name = Release;
		};
		4B39415E2BF9FC4100A5B694 /* Debug */ = {
			isa = XCBuildConfiguration;
			buildSettings = {
				ASSETCATALOG_COMPILER_APPICON_NAME = AppIcon;
				ASSETCATALOG_COMPILER_GLOBAL_ACCENT_COLOR_NAME = AccentColor;
				CODE_SIGN_STYLE = Automatic;
				CURRENT_PROJECT_VERSION = 1;
				DEVELOPMENT_ASSET_PATHS = "\"Wire_Note_iOS/Preview Content\"";
				DEVELOPMENT_TEAM = WZ2328U4W4;
				ENABLE_PREVIEWS = YES;
				GENERATE_INFOPLIST_FILE = YES;
				INFOPLIST_KEY_NSCameraUsageDescription = "We need camera to recognize wire.";
				INFOPLIST_KEY_UIApplicationSceneManifest_Generation = YES;
				INFOPLIST_KEY_UIApplicationSupportsIndirectInputEvents = YES;
				INFOPLIST_KEY_UILaunchScreen_Generation = YES;
				INFOPLIST_KEY_UISupportedInterfaceOrientations_iPad = "UIInterfaceOrientationPortrait UIInterfaceOrientationPortraitUpsideDown UIInterfaceOrientationLandscapeLeft UIInterfaceOrientationLandscapeRight";
				INFOPLIST_KEY_UISupportedInterfaceOrientations_iPhone = "UIInterfaceOrientationPortrait UIInterfaceOrientationLandscapeLeft UIInterfaceOrientationLandscapeRight";
				LD_RUNPATH_SEARCH_PATHS = (
					"$(inherited)",
					"@executable_path/Frameworks",
				);
				MARKETING_VERSION = 1.0;
				PRODUCT_BUNDLE_IDENTIFIER = "com.nekosa-js.Wire-Note-iOS";
				PRODUCT_NAME = "$(TARGET_NAME)";
				SWIFT_EMIT_LOC_STRINGS = YES;
				SWIFT_VERSION = 5.0;
				TARGETED_DEVICE_FAMILY = "1,2";
			};
			name = Debug;
		};
		4B39415F2BF9FC4100A5B694 /* Release */ = {
			isa = XCBuildConfiguration;
			buildSettings = {
				ASSETCATALOG_COMPILER_APPICON_NAME = AppIcon;
				ASSETCATALOG_COMPILER_GLOBAL_ACCENT_COLOR_NAME = AccentColor;
				CODE_SIGN_STYLE = Automatic;
				CURRENT_PROJECT_VERSION = 1;
				DEVELOPMENT_ASSET_PATHS = "\"Wire_Note_iOS/Preview Content\"";
				DEVELOPMENT_TEAM = WZ2328U4W4;
				ENABLE_PREVIEWS = YES;
				GENERATE_INFOPLIST_FILE = YES;
				INFOPLIST_KEY_NSCameraUsageDescription = "We need camera to recognize wire.";
				INFOPLIST_KEY_UIApplicationSceneManifest_Generation = YES;
				INFOPLIST_KEY_UIApplicationSupportsIndirectInputEvents = YES;
				INFOPLIST_KEY_UILaunchScreen_Generation = YES;
				INFOPLIST_KEY_UISupportedInterfaceOrientations_iPad = "UIInterfaceOrientationPortrait UIInterfaceOrientationPortraitUpsideDown UIInterfaceOrientationLandscapeLeft UIInterfaceOrientationLandscapeRight";
				INFOPLIST_KEY_UISupportedInterfaceOrientations_iPhone = "UIInterfaceOrientationPortrait UIInterfaceOrientationLandscapeLeft UIInterfaceOrientationLandscapeRight";
				LD_RUNPATH_SEARCH_PATHS = (
					"$(inherited)",
					"@executable_path/Frameworks",
				);
				MARKETING_VERSION = 1.0;
				PRODUCT_BUNDLE_IDENTIFIER = "com.nekosa-js.Wire-Note-iOS";
				PRODUCT_NAME = "$(TARGET_NAME)";
				SWIFT_EMIT_LOC_STRINGS = YES;
				SWIFT_VERSION = 5.0;
				TARGETED_DEVICE_FAMILY = "1,2";
			};
			name = Release;
		};
/* End XCBuildConfiguration section */

/* Begin XCConfigurationList section */
		4B3941452BF9FC4000A5B694 /* Build configuration list for PBXProject "Wire_Note_iOS" */ = {
			isa = XCConfigurationList;
			buildConfigurations = (
				4B39415B2BF9FC4100A5B694 /* Debug */,
				4B39415C2BF9FC4100A5B694 /* Release */,
			);
			defaultConfigurationIsVisible = 0;
			defaultConfigurationName = Release;
		};
		4B39415D2BF9FC4100A5B694 /* Build configuration list for PBXNativeTarget "Wire_Note_iOS" */ = {
			isa = XCConfigurationList;
			buildConfigurations = (
				4B39415E2BF9FC4100A5B694 /* Debug */,
				4B39415F2BF9FC4100A5B694 /* Release */,
			);
			defaultConfigurationIsVisible = 0;
			defaultConfigurationName = Release;
		};
/* End XCConfigurationList section */

/* Begin XCVersionGroup section */
		4B3941582BF9FC4100A5B694 /* Wire_Note_iOS.xcdatamodeld */ = {
			isa = XCVersionGroup;
			children = (
				4B3941592BF9FC4100A5B694 /* Wire_Note_iOS.xcdatamodel */,
			);
			currentVersion = 4B3941592BF9FC4100A5B694 /* Wire_Note_iOS.xcdatamodel */;
			path = Wire_Note_iOS.xcdatamodeld;
			sourceTree = "<group>";
			versionGroupType = wrapper.xcdatamodel;
		};
/* End XCVersionGroup section */
	};
	rootObject = 4B3941422BF9FC4000A5B694 /* Project object */;
}
